
Microsoft Visual Studio Solution File, Format Version 12.00
# Visual Studio Version 17
VisualStudioVersion = 17.11.35327.3
MinimumVisualStudioVersion = 10.0.40219.1
Project("{9A19103F-16F7-4668-BE54-9A1E7A4F7556}") = "ex01", "ex01\ex01.csproj", "{90147425-DE45-4595-B870-9F7FDE2AEBEB}"
EndProject
Project("{FAE04EC0-301F-11D3-BF4B-00C04F79EFBC}") = "ex02", "ex02\ex02.csproj", "{5CB4ABA3-FB17-4D9E-BBA0-1CAF8453C48E}"
EndProject
Project("{FAE04EC0-301F-11D3-BF4B-00C04F79EFBC}") = "ex03", "ex03\ex03.csproj", "{393D4478-413D-41DE-B237-10D7FC34EFD9}"
EndProject
Global
	GlobalSection(SolutionConfigurationPlatforms) = preSolution
		Debug|Any CPU = Debug|Any CPU
		Release|Any CPU = Release|Any CPU
	EndGlobalSection
	GlobalSection(ProjectConfigurationPlatforms) = postSolution
		{90147425-DE45-4595-B870-9F7FDE2AEBEB}.Debug|Any CPU.ActiveCfg = Debug|Any CPU
		{90147425-DE45-4595-B870-9F7FDE2AEBEB}.Debug|Any CPU.Build.0 = Debug|Any CPU
		{90147425-DE45-4595-B870-9F7FDE2AEBEB}.Release|Any CPU.ActiveCfg = Release|Any CPU
		{90147425-DE45-4595-B870-9F7FDE2AEBEB}.Release|Any CPU.Build.0 = Release|Any CPU
		{5CB4ABA3-FB17-4D9E-BBA0-1CAF8453C48E}.Debug|Any CPU.ActiveCfg = Debug|Any CPU
		{5CB4ABA3-FB17-4D9E-BBA0-1CAF8453C48E}.Debug|Any CPU.Build.0 = Debug|Any CPU
		{5CB4ABA3-FB17-4D9E-BBA0-1CAF8453C48E}.Release|Any CPU.ActiveCfg = Release|Any CPU
		{5CB4ABA3-FB17-4D9E-BBA0-1CAF8453C48E}.Release|Any CPU.Build.0 = Release|Any CPU
		{393D4478-413D-41DE-B237-10D7FC34EFD9}.Debug|Any CPU.ActiveCfg = Debug|Any CPU
		{393D4478-413D-41DE-B237-10D7FC34EFD9}.Debug|Any CPU.Build.0 = Debug|Any CPU
		{393D4478-413D-41DE-B237-10D7FC34EFD9}.Release|Any CPU.ActiveCfg = Release|Any CPU
		{393D4478-413D-41DE-B237-10D7FC34EFD9}.Release|Any CPU.Build.0 = Release|Any CPU
	EndGlobalSection
	GlobalSection(SolutionProperties) = preSolution
		HideSolutionNode = FALSE
	EndGlobalSection
	GlobalSection(ExtensibilityGlobals) = postSolution
		SolutionGuid = {05BE8372-1FCE-4A14-A64A-70FA2C894AEF}
	EndGlobalSection
EndGlobal
